# This file is @generated by PDM.
# It is not intended for manual editing.

[metadata]
groups = ["default"]
strategy = ["inherit_metadata"]
lock_version = "4.5.0"
content_hash = "sha256:e5a21437de2e5811d92e73597a79c677520827eb439e1e728f602f0f170e577b"

[[metadata.targets]]
requires_python = "==3.10.*"

[[package]]
name = "aiofiles"
version = "24.1.0"
requires_python = ">=3.8"
summary = "File support for asyncio."
groups = ["default"]
files = [
    {file = "aiofiles-24.1.0-py3-none-any.whl", hash = "sha256:b4ec55f4195e3eb5d7abd1bf7e061763e864dd4954231fb8539a0ef8bb8260e5"},
    {file = "aiofiles-24.1.0.tar.gz", hash = "sha256:22a075c9e5a3810f0c2e48f3008c94d68c65d763b9b03857924c99e57355166c"},
]

[[package]]
name = "annotated-types"
version = "0.7.0"
requires_python = ">=3.8"
summary = "Reusable constraint types to use with typing.Annotated"
groups = ["default"]
dependencies = [
    "typing-extensions>=4.0.0; python_version < \"3.9\"",
]
files = [
    {file = "annotated_types-0.7.0-py3-none-any.whl", hash = "sha256:1f02e8b43a8fbbc3f3e0d4f0f4bfc8131bcb4eebe8849b8e5c773f3a1c582a53"},
    {file = "annotated_types-0.7.0.tar.gz", hash = "sha256:aff07c09a53a08bc8cfccb9c85b05f1aa9a2a6f23728d790723543408344ce89"},
]

[[package]]
name = "anyio"
version = "4.8.0"
requires_python = ">=3.9"
summary = "High level compatibility layer for multiple asynchronous event loop implementations"
groups = ["default"]
dependencies = [
    "exceptiongroup>=1.0.2; python_version < \"3.11\"",
    "idna>=2.8",
    "sniffio>=1.1",
    "typing-extensions>=4.5; python_version < \"3.13\"",
]
files = [
    {file = "anyio-4.8.0-py3-none-any.whl", hash = "sha256:b5011f270ab5eb0abf13385f851315585cc37ef330dd88e27ec3d34d651fd47a"},
    {file = "anyio-4.8.0.tar.gz", hash = "sha256:1d9fe889df5212298c0c0723fa20479d1b94883a2df44bd3897aa91083316f7a"},
]

[[package]]
name = "certifi"
version = "2024.12.14"
requires_python = ">=3.6"
summary = "Python package for providing Mozilla's CA Bundle."
groups = ["default"]
files = [
    {file = "certifi-2024.12.14-py3-none-any.whl", hash = "sha256:1275f7a45be9464efc1173084eaa30f866fe2e47d389406136d332ed4967ec56"},
    {file = "certifi-2024.12.14.tar.gz", hash = "sha256:b650d30f370c2b724812bee08008be0c4163b163ddaec3f2546c1caf65f191db"},
]

[[package]]
name = "charset-normalizer"
version = "3.4.1"
requires_python = ">=3.7"
summary = "The Real First Universal Charset Detector. Open, modern and actively maintained alternative to Chardet."
groups = ["default"]
files = [
    {file = "charset_normalizer-3.4.1-cp310-cp310-macosx_10_9_universal2.whl", hash = "sha256:91b36a978b5ae0ee86c394f5a54d6ef44db1de0815eb43de826d41d21e4af3de"},
    {file = "charset_normalizer-3.4.1-cp310-cp310-manylinux_2_17_aarch64.manylinux2014_aarch64.whl", hash = "sha256:7461baadb4dc00fd9e0acbe254e3d7d2112e7f92ced2adc96e54ef6501c5f176"},
    {file = "charset_normalizer-3.4.1-cp310-cp310-manylinux_2_17_ppc64le.manylinux2014_ppc64le.whl", hash = "sha256:e218488cd232553829be0664c2292d3af2eeeb94b32bea483cf79ac6a694e037"},
    {file = "charset_normalizer-3.4.1-cp310-cp310-manylinux_2_17_s390x.manylinux2014_s390x.whl", hash = "sha256:80ed5e856eb7f30115aaf94e4a08114ccc8813e6ed1b5efa74f9f82e8509858f"},
    {file = "charset_normalizer-3.4.1-cp310-cp310-manylinux_2_17_x86_64.manylinux2014_x86_64.whl", hash = "sha256:b010a7a4fd316c3c484d482922d13044979e78d1861f0e0650423144c616a46a"},
    {file = "charset_normalizer-3.4.1-cp310-cp310-manylinux_2_5_i686.manylinux1_i686.manylinux_2_17_i686.manylinux2014_i686.whl", hash = "sha256:4532bff1b8421fd0a320463030c7520f56a79c9024a4e88f01c537316019005a"},
    {file = "charset_normalizer-3.4.1-cp310-cp310-musllinux_1_2_aarch64.whl", hash = "sha256:d973f03c0cb71c5ed99037b870f2be986c3c05e63622c017ea9816881d2dd247"},
    {file = "charset_normalizer-3.4.1-cp310-cp310-musllinux_1_2_i686.whl", hash = "sha256:3a3bd0dcd373514dcec91c411ddb9632c0d7d92aed7093b8c3bbb6d69ca74408"},
    {file = "charset_normalizer-3.4.1-cp310-cp310-musllinux_1_2_ppc64le.whl", hash = "sha256:d9c3cdf5390dcd29aa8056d13e8e99526cda0305acc038b96b30352aff5ff2bb"},
    {file = "charset_normalizer-3.4.1-cp310-cp310-musllinux_1_2_s390x.whl", hash = "sha256:2bdfe3ac2e1bbe5b59a1a63721eb3b95fc9b6817ae4a46debbb4e11f6232428d"},
    {file = "charset_normalizer-3.4.1-cp310-cp310-musllinux_1_2_x86_64.whl", hash = "sha256:eab677309cdb30d047996b36d34caeda1dc91149e4fdca0b1a039b3f79d9a807"},
    {file = "charset_normalizer-3.4.1-cp310-cp310-win32.whl", hash = "sha256:c0429126cf75e16c4f0ad00ee0eae4242dc652290f940152ca8c75c3a4b6ee8f"},
    {file = "charset_normalizer-3.4.1-cp310-cp310-win_amd64.whl", hash = "sha256:9f0b8b1c6d84c8034a44893aba5e767bf9c7a211e313a9605d9c617d7083829f"},
    {file = "charset_normalizer-3.4.1-py3-none-any.whl", hash = "sha256:d98b1668f06378c6dbefec3b92299716b931cd4e6061f3c875a71ced1780ab85"},
    {file = "charset_normalizer-3.4.1.tar.gz", hash = "sha256:44251f18cd68a75b56585dd00dae26183e102cd5e0f9f1466e6df5da2ed64ea3"},
]

[[package]]
name = "click"
version = "8.1.8"
requires_python = ">=3.7"
summary = "Composable command line interface toolkit"
groups = ["default"]
dependencies = [
    "colorama; platform_system == \"Windows\"",
    "importlib-metadata; python_version < \"3.8\"",
]
files = [
    {file = "click-8.1.8-py3-none-any.whl", hash = "sha256:63c132bbbed01578a06712a2d1f497bb62d9c1c0d329b7903a866228027263b2"},
    {file = "click-8.1.8.tar.gz", hash = "sha256:ed53c9d8990d83c2a27deae68e4ee337473f6330c040a31d4225c9574d16096a"},
]

[[package]]
name = "colorama"
version = "0.4.6"
requires_python = "!=3.0.*,!=3.1.*,!=3.2.*,!=3.3.*,!=3.4.*,!=3.5.*,!=3.6.*,>=2.7"
summary = "Cross-platform colored terminal text."
groups = ["default"]
marker = "sys_platform == \"win32\" or platform_system == \"Windows\""
files = [
    {file = "colorama-0.4.6-py2.py3-none-any.whl", hash = "sha256:4f1d9991f5acc0ca119f9d443620b77f9d6b33703e51011c16baf57afb285fc6"},
    {file = "colorama-0.4.6.tar.gz", hash = "sha256:08695f5cb7ed6e0531a20572697297273c47b8cae5a63ffc6d6ed5c201be6e44"},
]

[[package]]
name = "docker"
version = "7.1.0"
requires_python = ">=3.8"
summary = "A Python library for the Docker Engine API."
groups = ["default"]
dependencies = [
    "pywin32>=304; sys_platform == \"win32\"",
    "requests>=2.26.0",
    "urllib3>=1.26.0",
]
files = [
    {file = "docker-7.1.0-py3-none-any.whl", hash = "sha256:c96b93b7f0a746f9e77d325bcfb87422a3d8bd4f03136ae8a85b37f1898d5fc0"},
    {file = "docker-7.1.0.tar.gz", hash = "sha256:ad8c70e6e3f8926cb8a92619b832b4ea5299e2831c14284663184e200546fa6c"},
]

[[package]]
name = "exceptiongroup"
version = "1.2.2"
requires_python = ">=3.7"
summary = "Backport of PEP 654 (exception groups)"
groups = ["default"]
marker = "python_version < \"3.11\""
files = [
    {file = "exceptiongroup-1.2.2-py3-none-any.whl", hash = "sha256:3111b9d131c238bec2f8f516e123e14ba243563fb135d3fe885990585aa7795b"},
    {file = "exceptiongroup-1.2.2.tar.gz", hash = "sha256:47c2edf7c6738fafb49fd34290706d1a1a2f4d1c6df275526b62cbb4aa5393cc"},
]

[[package]]
name = "fastapi"
version = "0.115.7"
requires_python = ">=3.8"
summary = "FastAPI framework, high performance, easy to learn, fast to code, ready for production"
groups = ["default"]
dependencies = [
    "pydantic!=1.8,!=1.8.1,!=2.0.0,!=2.0.1,!=2.1.0,<3.0.0,>=1.7.4",
    "starlette<0.46.0,>=0.40.0",
    "typing-extensions>=4.8.0",
]
files = [
    {file = "fastapi-0.115.7-py3-none-any.whl", hash = "sha256:eb6a8c8bf7f26009e8147111ff15b5177a0e19bb4a45bc3486ab14804539d21e"},
    {file = "fastapi-0.115.7.tar.gz", hash = "sha256:0f106da6c01d88a6786b3248fb4d7a940d071f6f488488898ad5d354b25ed015"},
]

[[package]]
name = "fastapi"
version = "0.115.7"
extras = ["uvicorn"]
requires_python = ">=3.8"
summary = "FastAPI framework, high performance, easy to learn, fast to code, ready for production"
groups = ["default"]
dependencies = [
    "fastapi==0.115.7",
]
files = [
    {file = "fastapi-0.115.7-py3-none-any.whl", hash = "sha256:eb6a8c8bf7f26009e8147111ff15b5177a0e19bb4a45bc3486ab14804539d21e"},
    {file = "fastapi-0.115.7.tar.gz", hash = "sha256:0f106da6c01d88a6786b3248fb4d7a940d071f6f488488898ad5d354b25ed015"},
]

[[package]]
name = "h11"
version = "0.14.0"
requires_python = ">=3.7"
summary = "A pure-Python, bring-your-own-I/O implementation of HTTP/1.1"
groups = ["default"]
dependencies = [
    "typing-extensions; python_version < \"3.8\"",
]
files = [
    {file = "h11-0.14.0-py3-none-any.whl", hash = "sha256:e3fe4ac4b851c468cc8363d500db52c2ead036020723024a109d37346efaa761"},
    {file = "h11-0.14.0.tar.gz", hash = "sha256:8f19fbbe99e72420ff35c00b27a34cb9937e902a8b810e2c88300c6f0a3b699d"},
]

[[package]]
name = "httptools"
version = "0.6.4"
requires_python = ">=3.8.0"
summary = "A collection of framework independent HTTP protocol utils."
groups = ["default"]
files = [
    {file = "httptools-0.6.4-cp310-cp310-macosx_10_9_universal2.whl", hash = "sha256:3c73ce323711a6ffb0d247dcd5a550b8babf0f757e86a52558fe5b86d6fefcc0"},
    {file = "httptools-0.6.4-cp310-cp310-macosx_11_0_arm64.whl", hash = "sha256:345c288418f0944a6fe67be8e6afa9262b18c7626c3ef3c28adc5eabc06a68da"},
    {file = "httptools-0.6.4-cp310-cp310-manylinux_2_17_aarch64.manylinux2014_aarch64.whl", hash = "sha256:deee0e3343f98ee8047e9f4c5bc7cedbf69f5734454a94c38ee829fb2d5fa3c1"},
    {file = "httptools-0.6.4-cp310-cp310-manylinux_2_5_x86_64.manylinux1_x86_64.manylinux_2_17_x86_64.manylinux2014_x86_64.whl", hash = "sha256:ca80b7485c76f768a3bc83ea58373f8db7b015551117375e4918e2aa77ea9b50"},
    {file = "httptools-0.6.4-cp310-cp310-musllinux_1_2_aarch64.whl", hash = "sha256:90d96a385fa941283ebd231464045187a31ad932ebfa541be8edf5b3c2328959"},
    {file = "httptools-0.6.4-cp310-cp310-musllinux_1_2_x86_64.whl", hash = "sha256:59e724f8b332319e2875efd360e61ac07f33b492889284a3e05e6d13746876f4"},
    {file = "httptools-0.6.4-cp310-cp310-win_amd64.whl", hash = "sha256:c26f313951f6e26147833fc923f78f95604bbec812a43e5ee37f26dc9e5a686c"},
    {file = "httptools-0.6.4.tar.gz", hash = "sha256:4e93eee4add6493b59a5c514da98c939b244fce4a0d8879cd3f466562f4b7d5c"},
]

[[package]]
name = "idna"
version = "3.10"
requires_python = ">=3.6"
summary = "Internationalized Domain Names in Applications (IDNA)"
groups = ["default"]
files = [
    {file = "idna-3.10-py3-none-any.whl", hash = "sha256:946d195a0d259cbba61165e88e65941f16e9b36ea6ddb97f00452bae8b1287d3"},
    {file = "idna-3.10.tar.gz", hash = "sha256:12f65c9b470abda6dc35cf8e63cc574b1c52b11df2c86030af0ac09b01b13ea9"},
]

[[package]]
name = "pydantic"
version = "2.10.6"
requires_python = ">=3.8"
summary = "Data validation using Python type hints"
groups = ["default"]
dependencies = [
    "annotated-types>=0.6.0",
    "pydantic-core==2.27.2",
    "typing-extensions>=4.12.2",
]
files = [
    {file = "pydantic-2.10.6-py3-none-any.whl", hash = "sha256:427d664bf0b8a2b34ff5dd0f5a18df00591adcee7198fbd71981054cef37b584"},
    {file = "pydantic-2.10.6.tar.gz", hash = "sha256:ca5daa827cce33de7a42be142548b0096bf05a7e7b365aebfa5f8eeec7128236"},
]

[[package]]
name = "pydantic-core"
version = "2.27.2"
requires_python = ">=3.8"
summary = "Core functionality for Pydantic validation and serialization"
groups = ["default"]
dependencies = [
    "typing-extensions!=4.7.0,>=4.6.0",
]
files = [
    {file = "pydantic_core-2.27.2-cp310-cp310-macosx_10_12_x86_64.whl", hash = "sha256:2d367ca20b2f14095a8f4fa1210f5a7b78b8a20009ecced6b12818f455b1e9fa"},
    {file = "pydantic_core-2.27.2-cp310-cp310-macosx_11_0_arm64.whl", hash = "sha256:491a2b73db93fab69731eaee494f320faa4e093dbed776be1a829c2eb222c34c"},
    {file = "pydantic_core-2.27.2-cp310-cp310-manylinux_2_17_aarch64.manylinux2014_aarch64.whl", hash = "sha256:7969e133a6f183be60e9f6f56bfae753585680f3b7307a8e555a948d443cc05a"},
    {file = "pydantic_core-2.27.2-cp310-cp310-manylinux_2_17_armv7l.manylinux2014_armv7l.whl", hash = "sha256:3de9961f2a346257caf0aa508a4da705467f53778e9ef6fe744c038119737ef5"},
    {file = "pydantic_core-2.27.2-cp310-cp310-manylinux_2_17_ppc64le.manylinux2014_ppc64le.whl", hash = "sha256:e2bb4d3e5873c37bb3dd58714d4cd0b0e6238cebc4177ac8fe878f8b3aa8e74c"},
    {file = "pydantic_core-2.27.2-cp310-cp310-manylinux_2_17_s390x.manylinux2014_s390x.whl", hash = "sha256:280d219beebb0752699480fe8f1dc61ab6615c2046d76b7ab7ee38858de0a4e7"},
    {file = "pydantic_core-2.27.2-cp310-cp310-manylinux_2_17_x86_64.manylinux2014_x86_64.whl", hash = "sha256:47956ae78b6422cbd46f772f1746799cbb862de838fd8d1fbd34a82e05b0983a"},
    {file = "pydantic_core-2.27.2-cp310-cp310-manylinux_2_5_i686.manylinux1_i686.whl", hash = "sha256:14d4a5c49d2f009d62a2a7140d3064f686d17a5d1a268bc641954ba181880236"},
    {file = "pydantic_core-2.27.2-cp310-cp310-musllinux_1_1_aarch64.whl", hash = "sha256:337b443af21d488716f8d0b6164de833e788aa6bd7e3a39c005febc1284f4962"},
    {file = "pydantic_core-2.27.2-cp310-cp310-musllinux_1_1_armv7l.whl", hash = "sha256:03d0f86ea3184a12f41a2d23f7ccb79cdb5a18e06993f8a45baa8dfec746f0e9"},
    {file = "pydantic_core-2.27.2-cp310-cp310-musllinux_1_1_x86_64.whl", hash = "sha256:7041c36f5680c6e0f08d922aed302e98b3745d97fe1589db0a3eebf6624523af"},
    {file = "pydantic_core-2.27.2-cp310-cp310-win32.whl", hash = "sha256:50a68f3e3819077be2c98110c1f9dcb3817e93f267ba80a2c05bb4f8799e2ff4"},
    {file = "pydantic_core-2.27.2-cp310-cp310-win_amd64.whl", hash = "sha256:e0fd26b16394ead34a424eecf8a31a1f5137094cabe84a1bcb10fa6ba39d3d31"},
    {file = "pydantic_core-2.27.2-pp310-pypy310_pp73-macosx_10_12_x86_64.whl", hash = "sha256:2bf14caea37e91198329b828eae1618c068dfb8ef17bb33287a7ad4b61ac314e"},
    {file = "pydantic_core-2.27.2-pp310-pypy310_pp73-macosx_11_0_arm64.whl", hash = "sha256:b0cb791f5b45307caae8810c2023a184c74605ec3bcbb67d13846c28ff731ff8"},
    {file = "pydantic_core-2.27.2-pp310-pypy310_pp73-manylinux_2_17_aarch64.manylinux2014_aarch64.whl", hash = "sha256:688d3fd9fcb71f41c4c015c023d12a79d1c4c0732ec9eb35d96e3388a120dcf3"},
    {file = "pydantic_core-2.27.2-pp310-pypy310_pp73-manylinux_2_17_x86_64.manylinux2014_x86_64.whl", hash = "sha256:3d591580c34f4d731592f0e9fe40f9cc1b430d297eecc70b962e93c5c668f15f"},
    {file = "pydantic_core-2.27.2-pp310-pypy310_pp73-manylinux_2_5_i686.manylinux1_i686.whl", hash = "sha256:82f986faf4e644ffc189a7f1aafc86e46ef70372bb153e7001e8afccc6e54133"},
    {file = "pydantic_core-2.27.2-pp310-pypy310_pp73-musllinux_1_1_aarch64.whl", hash = "sha256:bec317a27290e2537f922639cafd54990551725fc844249e64c523301d0822fc"},
    {file = "pydantic_core-2.27.2-pp310-pypy310_pp73-musllinux_1_1_armv7l.whl", hash = "sha256:0296abcb83a797db256b773f45773da397da75a08f5fcaef41f2044adec05f50"},
    {file = "pydantic_core-2.27.2-pp310-pypy310_pp73-musllinux_1_1_x86_64.whl", hash = "sha256:0d75070718e369e452075a6017fbf187f788e17ed67a3abd47fa934d001863d9"},
    {file = "pydantic_core-2.27.2-pp310-pypy310_pp73-win_amd64.whl", hash = "sha256:7e17b560be3c98a8e3aa66ce828bdebb9e9ac6ad5466fba92eb74c4c95cb1151"},
    {file = "pydantic_core-2.27.2.tar.gz", hash = "sha256:eb026e5a4c1fee05726072337ff51d1efb6f59090b7da90d30ea58625b1ffb39"},
]

[[package]]
name = "python-dotenv"
version = "1.0.1"
requires_python = ">=3.8"
summary = "Read key-value pairs from a .env file and set them as environment variables"
groups = ["default"]
files = [
    {file = "python-dotenv-1.0.1.tar.gz", hash = "sha256:e324ee90a023d808f1959c46bcbc04446a10ced277783dc6ee09987c37ec10ca"},
    {file = "python_dotenv-1.0.1-py3-none-any.whl", hash = "sha256:f7b63ef50f1b690dddf550d03497b66d609393b40b564ed0d674909a68ebf16a"},
]

[[package]]
name = "pywin32"
version = "308"
summary = "Python for Window Extensions"
groups = ["default"]
marker = "sys_platform == \"win32\""
files = [
    {file = "pywin32-308-cp310-cp310-win32.whl", hash = "sha256:796ff4426437896550d2981b9c2ac0ffd75238ad9ea2d3bfa67a1abd546d262e"},
    {file = "pywin32-308-cp310-cp310-win_amd64.whl", hash = "sha256:4fc888c59b3c0bef905ce7eb7e2106a07712015ea1c8234b703a088d46110e8e"},
    {file = "pywin32-308-cp310-cp310-win_arm64.whl", hash = "sha256:a5ab5381813b40f264fa3495b98af850098f814a25a63589a8e9eb12560f450c"},
]

[[package]]
name = "pyyaml"
version = "6.0.2"
requires_python = ">=3.8"
summary = "YAML parser and emitter for Python"
groups = ["default"]
files = [
    {file = "PyYAML-6.0.2-cp310-cp310-macosx_10_9_x86_64.whl", hash = "sha256:0a9a2848a5b7feac301353437eb7d5957887edbf81d56e903999a75a3d743086"},
    {file = "PyYAML-6.0.2-cp310-cp310-macosx_11_0_arm64.whl", hash = "sha256:29717114e51c84ddfba879543fb232a6ed60086602313ca38cce623c1d62cfbf"},
    {file = "PyYAML-6.0.2-cp310-cp310-manylinux_2_17_aarch64.manylinux2014_aarch64.whl", hash = "sha256:8824b5a04a04a047e72eea5cec3bc266db09e35de6bdfe34c9436ac5ee27d237"},
    {file = "PyYAML-6.0.2-cp310-cp310-manylinux_2_17_s390x.manylinux2014_s390x.whl", hash = "sha256:7c36280e6fb8385e520936c3cb3b8042851904eba0e58d277dca80a5cfed590b"},
    {file = "PyYAML-6.0.2-cp310-cp310-manylinux_2_17_x86_64.manylinux2014_x86_64.whl", hash = "sha256:ec031d5d2feb36d1d1a24380e4db6d43695f3748343d99434e6f5f9156aaa2ed"},
    {file = "PyYAML-6.0.2-cp310-cp310-musllinux_1_1_aarch64.whl", hash = "sha256:936d68689298c36b53b29f23c6dbb74de12b4ac12ca6cfe0e047bedceea56180"},
    {file = "PyYAML-6.0.2-cp310-cp310-musllinux_1_1_x86_64.whl", hash = "sha256:23502f431948090f597378482b4812b0caae32c22213aecf3b55325e049a6c68"},
    {file = "PyYAML-6.0.2-cp310-cp310-win32.whl", hash = "sha256:2e99c6826ffa974fe6e27cdb5ed0021786b03fc98e5ee3c5bfe1fd5015f42b99"},
    {file = "PyYAML-6.0.2-cp310-cp310-win_amd64.whl", hash = "sha256:a4d3091415f010369ae4ed1fc6b79def9416358877534caf6a0fdd2146c87a3e"},
    {file = "pyyaml-6.0.2.tar.gz", hash = "sha256:d584d9ec91ad65861cc08d42e834324ef890a082e591037abe114850ff7bbc3e"},
]

[[package]]
name = "requests"
version = "2.32.3"
requires_python = ">=3.8"
summary = "Python HTTP for Humans."
groups = ["default"]
dependencies = [
    "certifi>=2017.4.17",
    "charset-normalizer<4,>=2",
    "idna<4,>=2.5",
    "urllib3<3,>=1.21.1",
]
files = [
    {file = "requests-2.32.3-py3-none-any.whl", hash = "sha256:70761cfe03c773ceb22aa2f671b4757976145175cdfca038c02654d061d6dcc6"},
    {file = "requests-2.32.3.tar.gz", hash = "sha256:55365417734eb18255590a9ff9eb97e9e1da868d4ccd6402399eaf68af20a760"},
]

[[package]]
name = "sniffio"
version = "1.3.1"
requires_python = ">=3.7"
summary = "Sniff out which async library your code is running under"
groups = ["default"]
files = [
    {file = "sniffio-1.3.1-py3-none-any.whl", hash = "sha256:2f6da418d1f1e0fddd844478f41680e794e6051915791a034ff65e5f100525a2"},
    {file = "sniffio-1.3.1.tar.gz", hash = "sha256:f4324edc670a0f49750a81b895f35c3adb843cca46f0530f79fc1babb23789dc"},
]

[[package]]
name = "starlette"
version = "0.45.3"
requires_python = ">=3.9"
summary = "The little ASGI library that shines."
groups = ["default"]
dependencies = [
    "anyio<5,>=3.6.2",
    "typing-extensions>=3.10.0; python_version < \"3.10\"",
]
files = [
    {file = "starlette-0.45.3-py3-none-any.whl", hash = "sha256:dfb6d332576f136ec740296c7e8bb8c8a7125044e7c6da30744718880cdd059d"},
    {file = "starlette-0.45.3.tar.gz", hash = "sha256:2cbcba2a75806f8a41c722141486f37c28e30a0921c5f6fe4346cb0dcee1302f"},
]

[[package]]
name = "typing-extensions"
version = "4.12.2"
requires_python = ">=3.8"
summary = "Backported and Experimental Type Hints for Python 3.8+"
groups = ["default"]
files = [
    {file = "typing_extensions-4.12.2-py3-none-any.whl", hash = "sha256:04e5ca0351e0f3f85c6853954072df659d0d13fac324d0072316b67d7794700d"},
    {file = "typing_extensions-4.12.2.tar.gz", hash = "sha256:1a7ead55c7e559dd4dee8856e3a88b41225abfe1ce8df57b7c13915fe121ffb8"},
]

[[package]]
name = "urllib3"
version = "2.3.0"
requires_python = ">=3.9"
summary = "HTTP library with thread-safe connection pooling, file post, and more."
groups = ["default"]
files = [
    {file = "urllib3-2.3.0-py3-none-any.whl", hash = "sha256:1cee9ad369867bfdbbb48b7dd50374c0967a0bb7710050facf0dd6911440e3df"},
    {file = "urllib3-2.3.0.tar.gz", hash = "sha256:f8c5449b3cf0861679ce7e0503c7b44b5ec981bec0d1d3795a07f1ba96f0204d"},
]

[[package]]
name = "uvicorn"
version = "0.34.0"
requires_python = ">=3.9"
summary = "The lightning-fast ASGI server."
groups = ["default"]
dependencies = [
    "click>=7.0",
    "h11>=0.8",
    "typing-extensions>=4.0; python_version < \"3.11\"",
]
files = [
    {file = "uvicorn-0.34.0-py3-none-any.whl", hash = "sha256:023dc038422502fa28a09c7a30bf2b6991512da7dcdb8fd35fe57cfc154126f4"},
    {file = "uvicorn-0.34.0.tar.gz", hash = "sha256:404051050cd7e905de2c9a7e61790943440b3416f49cb409f965d9dcd0fa73e9"},
]

[[package]]
name = "uvicorn"
version = "0.34.0"
extras = ["standard"]
requires_python = ">=3.9"
summary = "The lightning-fast ASGI server."
groups = ["default"]
dependencies = [
    "colorama>=0.4; sys_platform == \"win32\"",
    "httptools>=0.6.3",
    "python-dotenv>=0.13",
    "pyyaml>=5.1",
    "uvicorn==0.34.0",
    "uvloop!=0.15.0,!=0.15.1,>=0.14.0; (sys_platform != \"cygwin\" and sys_platform != \"win32\") and platform_python_implementation != \"PyPy\"",
    "watchfiles>=0.13",
    "websockets>=10.4",
]
files = [
    {file = "uvicorn-0.34.0-py3-none-any.whl", hash = "sha256:023dc038422502fa28a09c7a30bf2b6991512da7dcdb8fd35fe57cfc154126f4"},
    {file = "uvicorn-0.34.0.tar.gz", hash = "sha256:404051050cd7e905de2c9a7e61790943440b3416f49cb409f965d9dcd0fa73e9"},
]

[[package]]
name = "uvloop"
version = "0.21.0"
requires_python = ">=3.8.0"
summary = "Fast implementation of asyncio event loop on top of libuv"
groups = ["default"]
marker = "(sys_platform != \"cygwin\" and sys_platform != \"win32\") and platform_python_implementation != \"PyPy\""
files = [
    {file = "uvloop-0.21.0-cp310-cp310-macosx_10_9_universal2.whl", hash = "sha256:ec7e6b09a6fdded42403182ab6b832b71f4edaf7f37a9a0e371a01db5f0cb45f"},
    {file = "uvloop-0.21.0-cp310-cp310-macosx_10_9_x86_64.whl", hash = "sha256:196274f2adb9689a289ad7d65700d37df0c0930fd8e4e743fa4834e850d7719d"},
    {file = "uvloop-0.21.0-cp310-cp310-manylinux_2_17_aarch64.manylinux2014_aarch64.whl", hash = "sha256:f38b2e090258d051d68a5b14d1da7203a3c3677321cf32a95a6f4db4dd8b6f26"},
    {file = "uvloop-0.21.0-cp310-cp310-manylinux_2_17_x86_64.manylinux2014_x86_64.whl", hash = "sha256:87c43e0f13022b998eb9b973b5e97200c8b90823454d4bc06ab33829e09fb9bb"},
    {file = "uvloop-0.21.0-cp310-cp310-musllinux_1_2_aarch64.whl", hash = "sha256:10d66943def5fcb6e7b37310eb6b5639fd2ccbc38df1177262b0640c3ca68c1f"},
    {file = "uvloop-0.21.0-cp310-cp310-musllinux_1_2_x86_64.whl", hash = "sha256:67dd654b8ca23aed0a8e99010b4c34aca62f4b7fce88f39d452ed7622c94845c"},
    {file = "uvloop-0.21.0.tar.gz", hash = "sha256:3bf12b0fda68447806a7ad847bfa591613177275d35b6724b1ee573faa3704e3"},
]

[[package]]
name = "watchfiles"
version = "1.0.4"
requires_python = ">=3.9"
summary = "Simple, modern and high performance file watching and code reload in python."
groups = ["default"]
dependencies = [
    "anyio>=3.0.0",
]
files = [
    {file = "watchfiles-1.0.4-cp310-cp310-macosx_10_12_x86_64.whl", hash = "sha256:ba5bb3073d9db37c64520681dd2650f8bd40902d991e7b4cfaeece3e32561d08"},
    {file = "watchfiles-1.0.4-cp310-cp310-macosx_11_0_arm64.whl", hash = "sha256:9f25d0ba0fe2b6d2c921cf587b2bf4c451860086534f40c384329fb96e2044d1"},
    {file = "watchfiles-1.0.4-cp310-cp310-manylinux_2_17_aarch64.manylinux2014_aarch64.whl", hash = "sha256:47eb32ef8c729dbc4f4273baece89398a4d4b5d21a1493efea77a17059f4df8a"},
    {file = "watchfiles-1.0.4-cp310-cp310-manylinux_2_17_armv7l.manylinux2014_armv7l.whl", hash = "sha256:076f293100db3b0b634514aa0d294b941daa85fc777f9c698adb1009e5aca0b1"},
    {file = "watchfiles-1.0.4-cp310-cp310-manylinux_2_17_i686.manylinux2014_i686.whl", hash = "sha256:1eacd91daeb5158c598fe22d7ce66d60878b6294a86477a4715154990394c9b3"},
    {file = "watchfiles-1.0.4-cp310-cp310-manylinux_2_17_ppc64le.manylinux2014_ppc64le.whl", hash = "sha256:13c2ce7b72026cfbca120d652f02c7750f33b4c9395d79c9790b27f014c8a5a2"},
    {file = "watchfiles-1.0.4-cp310-cp310-manylinux_2_17_s390x.manylinux2014_s390x.whl", hash = "sha256:90192cdc15ab7254caa7765a98132a5a41471cf739513cc9bcf7d2ffcc0ec7b2"},
    {file = "watchfiles-1.0.4-cp310-cp310-manylinux_2_17_x86_64.manylinux2014_x86_64.whl", hash = "sha256:278aaa395f405972e9f523bd786ed59dfb61e4b827856be46a42130605fd0899"},
    {file = "watchfiles-1.0.4-cp310-cp310-musllinux_1_1_aarch64.whl", hash = "sha256:a462490e75e466edbb9fc4cd679b62187153b3ba804868452ef0577ec958f5ff"},
    {file = "watchfiles-1.0.4-cp310-cp310-musllinux_1_1_x86_64.whl", hash = "sha256:8d0d0630930f5cd5af929040e0778cf676a46775753e442a3f60511f2409f48f"},
    {file = "watchfiles-1.0.4-cp310-cp310-win32.whl", hash = "sha256:cc27a65069bcabac4552f34fd2dce923ce3fcde0721a16e4fb1b466d63ec831f"},
    {file = "watchfiles-1.0.4-cp310-cp310-win_amd64.whl", hash = "sha256:8b1f135238e75d075359cf506b27bf3f4ca12029c47d3e769d8593a2024ce161"},
    {file = "watchfiles-1.0.4-pp310-pypy310_pp73-macosx_10_12_x86_64.whl", hash = "sha256:cdcc92daeae268de1acf5b7befcd6cfffd9a047098199056c72e4623f531de18"},
    {file = "watchfiles-1.0.4-pp310-pypy310_pp73-macosx_11_0_arm64.whl", hash = "sha256:d8d3d9203705b5797f0af7e7e5baa17c8588030aaadb7f6a86107b7247303817"},
    {file = "watchfiles-1.0.4-pp310-pypy310_pp73-manylinux_2_17_aarch64.manylinux2014_aarch64.whl", hash = "sha256:bdef5a1be32d0b07dcea3318a0be95d42c98ece24177820226b56276e06b63b0"},
    {file = "watchfiles-1.0.4-pp310-pypy310_pp73-manylinux_2_17_x86_64.manylinux2014_x86_64.whl", hash = "sha256:342622287b5604ddf0ed2d085f3a589099c9ae8b7331df3ae9845571586c4f3d"},
    {file = "watchfiles-1.0.4.tar.gz", hash = "sha256:6ba473efd11062d73e4f00c2b730255f9c1bdd73cd5f9fe5b5da8dbd4a717205"},
]

[[package]]
name = "websockets"
version = "14.2"
requires_python = ">=3.9"
summary = "An implementation of the WebSocket Protocol (RFC 6455 & 7692)"
groups = ["default"]
files = [
    {file = "websockets-14.2-cp310-cp310-macosx_10_9_universal2.whl", hash = "sha256:e8179f95323b9ab1c11723e5d91a89403903f7b001828161b480a7810b334885"},
    {file = "websockets-14.2-cp310-cp310-macosx_10_9_x86_64.whl", hash = "sha256:0d8c3e2cdb38f31d8bd7d9d28908005f6fa9def3324edb9bf336d7e4266fd397"},
    {file = "websockets-14.2-cp310-cp310-macosx_11_0_arm64.whl", hash = "sha256:714a9b682deb4339d39ffa674f7b674230227d981a37d5d174a4a83e3978a610"},
    {file = "websockets-14.2-cp310-cp310-manylinux_2_17_aarch64.manylinux2014_aarch64.whl", hash = "sha256:f2e53c72052f2596fb792a7acd9704cbc549bf70fcde8a99e899311455974ca3"},
    {file = "websockets-14.2-cp310-cp310-manylinux_2_5_i686.manylinux1_i686.manylinux_2_17_i686.manylinux2014_i686.whl", hash = "sha256:e3fbd68850c837e57373d95c8fe352203a512b6e49eaae4c2f4088ef8cf21980"},
    {file = "websockets-14.2-cp310-cp310-manylinux_2_5_x86_64.manylinux1_x86_64.manylinux_2_17_x86_64.manylinux2014_x86_64.whl", hash = "sha256:4b27ece32f63150c268593d5fdb82819584831a83a3f5809b7521df0685cd5d8"},
    {file = "websockets-14.2-cp310-cp310-musllinux_1_2_aarch64.whl", hash = "sha256:4daa0faea5424d8713142b33825fff03c736f781690d90652d2c8b053345b0e7"},
    {file = "websockets-14.2-cp310-cp310-musllinux_1_2_i686.whl", hash = "sha256:bc63cee8596a6ec84d9753fd0fcfa0452ee12f317afe4beae6b157f0070c6c7f"},
    {file = "websockets-14.2-cp310-cp310-musllinux_1_2_x86_64.whl", hash = "sha256:7a570862c325af2111343cc9b0257b7119b904823c675b22d4ac547163088d0d"},
    {file = "websockets-14.2-cp310-cp310-win32.whl", hash = "sha256:75862126b3d2d505e895893e3deac0a9339ce750bd27b4ba515f008b5acf832d"},
    {file = "websockets-14.2-cp310-cp310-win_amd64.whl", hash = "sha256:cc45afb9c9b2dc0852d5c8b5321759cf825f82a31bfaf506b65bf4668c96f8b2"},
    {file = "websockets-14.2-pp310-pypy310_pp73-macosx_10_15_x86_64.whl", hash = "sha256:d7d9cafbccba46e768be8a8ad4635fa3eae1ffac4c6e7cb4eb276ba41297ed29"},
    {file = "websockets-14.2-pp310-pypy310_pp73-macosx_11_0_arm64.whl", hash = "sha256:c76193c1c044bd1e9b3316dcc34b174bbf9664598791e6fb606d8d29000e070c"},
    {file = "websockets-14.2-pp310-pypy310_pp73-manylinux_2_17_aarch64.manylinux2014_aarch64.whl", hash = "sha256:fd475a974d5352390baf865309fe37dec6831aafc3014ffac1eea99e84e83fc2"},
    {file = "websockets-14.2-pp310-pypy310_pp73-manylinux_2_5_i686.manylinux1_i686.manylinux_2_17_i686.manylinux2014_i686.whl", hash = "sha256:2c6c0097a41968b2e2b54ed3424739aab0b762ca92af2379f152c1aef0187e1c"},
    {file = "websockets-14.2-pp310-pypy310_pp73-manylinux_2_5_x86_64.manylinux1_x86_64.manylinux_2_17_x86_64.manylinux2014_x86_64.whl", hash = "sha256:6d7ff794c8b36bc402f2e07c0b2ceb4a2424147ed4785ff03e2a7af03711d60a"},
    {file = "websockets-14.2-pp310-pypy310_pp73-win_amd64.whl", hash = "sha256:dec254fcabc7bd488dab64846f588fc5b6fe0d78f641180030f8ea27b76d72c3"},
    {file = "websockets-14.2-py3-none-any.whl", hash = "sha256:7a6ceec4ea84469f15cf15807a747e9efe57e369c384fa86e022b3bea679b79b"},
    {file = "websockets-14.2.tar.gz", hash = "sha256:5059ed9c54945efb321f097084b4c7e52c246f2c869815876a69d1efc4ad6eb5"},
]
